
Microsoft Visual Studio Solution File, Format Version 12.00
# Visual Studio Version 16
VisualStudioVersion = 16.0.28803.452
MinimumVisualStudioVersion = 10.0.40219.1
Project("{FAE04EC0-301F-11D3-BF4B-00C04F79EFBC}") = "Sales.UWP", "Sales\Sales.UWP\Sales.UWP.csproj", "{2B2C630C-917C-4C8D-A531-5FFCDACD0C26}"
EndProject
Project("{FAE04EC0-301F-11D3-BF4B-00C04F79EFBC}") = "Sales.Android", "Sales\Sales.Android\Sales.Android.csproj", "{E065DBD6-23D3-4E42-8235-39E8348CCF28}"
EndProject
Project("{FAE04EC0-301F-11D3-BF4B-00C04F79EFBC}") = "Sales.iOS", "Sales\Sales.iOS\Sales.iOS.csproj", "{250C1CC0-9854-40AA-8850-0095545E37BB}"
EndProject
Project("{9A19103F-16F7-4668-BE54-9A1E7A4F7556}") = "Sales", "Sales\Sales\Sales.csproj", "{F7502992-0084-4616-A19A-7EBEB6342D06}"
EndProject
Project("{FAE04EC0-301F-11D3-BF4B-00C04F79EFBC}") = "Sales.Backend", "Sales.Backend\Sales.Backend.csproj", "{3A36CFC1-2FAC-4BDF-B027-BFAD64D671FA}"
EndProject
Project("{FAE04EC0-301F-11D3-BF4B-00C04F79EFBC}") = "Sales.API", "Sales.API\Sales.API.csproj", "{072C6123-4C47-4EAB-95D3-5493070D0699}"
EndProject
Project("{FAE04EC0-301F-11D3-BF4B-00C04F79EFBC}") = "Sales.Domain", "Sales.Domain\Sales.Domain.csproj", "{D11B458B-6688-48D6-B814-743DEB9F20DA}"
EndProject
Project("{FAE04EC0-301F-11D3-BF4B-00C04F79EFBC}") = "Sales.Common", "Sales.Common\Sales.Common.csproj", "{DB88369E-2661-4597-9607-519C489CAD44}"
EndProject
Global
	GlobalSection(SolutionConfigurationPlatforms) = preSolution
		Debug|Any CPU = Debug|Any CPU
		Debug|ARM = Debug|ARM
		Debug|iPhone = Debug|iPhone
		Debug|iPhoneSimulator = Debug|iPhoneSimulator
		Debug|x64 = Debug|x64
		Debug|x86 = Debug|x86
		Release|Any CPU = Release|Any CPU
		Release|ARM = Release|ARM
		Release|iPhone = Release|iPhone
		Release|iPhoneSimulator = Release|iPhoneSimulator
		Release|x64 = Release|x64
		Release|x86 = Release|x86
	EndGlobalSection
	GlobalSection(ProjectConfigurationPlatforms) = postSolution
		{2B2C630C-917C-4C8D-A531-5FFCDACD0C26}.Debug|Any CPU.ActiveCfg = Debug|x86
		{2B2C630C-917C-4C8D-A531-5FFCDACD0C26}.Debug|Any CPU.Build.0 = Debug|x86
		{2B2C630C-917C-4C8D-A531-5FFCDACD0C26}.Debug|Any CPU.Deploy.0 = Debug|x86
		{2B2C630C-917C-4C8D-A531-5FFCDACD0C26}.Debug|ARM.ActiveCfg = Debug|ARM
		{2B2C630C-917C-4C8D-A531-5FFCDACD0C26}.Debug|ARM.Build.0 = Debug|ARM
		{2B2C630C-917C-4C8D-A531-5FFCDACD0C26}.Debug|ARM.Deploy.0 = Debug|ARM
		{2B2C630C-917C-4C8D-A531-5FFCDACD0C26}.Debug|iPhone.ActiveCfg = Debug|x86
		{2B2C630C-917C-4C8D-A531-5FFCDACD0C26}.Debug|iPhone.Build.0 = Debug|x86
		{2B2C630C-917C-4C8D-A531-5FFCDACD0C26}.Debug|iPhone.Deploy.0 = Debug|x86
		{2B2C630C-917C-4C8D-A531-5FFCDACD0C26}.Debug|iPhoneSimulator.ActiveCfg = Debug|x86
		{2B2C630C-917C-4C8D-A531-5FFCDACD0C26}.Debug|iPhoneSimulator.Build.0 = Debug|x86
		{2B2C630C-917C-4C8D-A531-5FFCDACD0C26}.Debug|iPhoneSimulator.Deploy.0 = Debug|x86
		{2B2C630C-917C-4C8D-A531-5FFCDACD0C26}.Debug|x64.ActiveCfg = Debug|x64
		{2B2C630C-917C-4C8D-A531-5FFCDACD0C26}.Debug|x64.Build.0 = Debug|x64
		{2B2C630C-917C-4C8D-A531-5FFCDACD0C26}.Debug|x64.Deploy.0 = Debug|x64
		{2B2C630C-917C-4C8D-A531-5FFCDACD0C26}.Debug|x86.ActiveCfg = Debug|x86
		{2B2C630C-917C-4C8D-A531-5FFCDACD0C26}.Debug|x86.Build.0 = Debug|x86
		{2B2C630C-917C-4C8D-A531-5FFCDACD0C26}.Debug|x86.Deploy.0 = Debug|x86
		{2B2C630C-917C-4C8D-A531-5FFCDACD0C26}.Release|Any CPU.ActiveCfg = Release|x86
		{2B2C630C-917C-4C8D-A531-5FFCDACD0C26}.Release|Any CPU.Build.0 = Release|x86
		{2B2C630C-917C-4C8D-A531-5FFCDACD0C26}.Release|Any CPU.Deploy.0 = Release|x86
		{2B2C630C-917C-4C8D-A531-5FFCDACD0C26}.Release|ARM.ActiveCfg = Release|ARM
		{2B2C630C-917C-4C8D-A531-5FFCDACD0C26}.Release|ARM.Build.0 = Release|ARM
		{2B2C630C-917C-4C8D-A531-5FFCDACD0C26}.Release|ARM.Deploy.0 = Release|ARM
		{2B2C630C-917C-4C8D-A531-5FFCDACD0C26}.Release|iPhone.ActiveCfg = Release|x86
		{2B2C630C-917C-4C8D-A531-5FFCDACD0C26}.Release|iPhone.Build.0 = Release|x86
		{2B2C630C-917C-4C8D-A531-5FFCDACD0C26}.Release|iPhone.Deploy.0 = Release|x86
		{2B2C630C-917C-4C8D-A531-5FFCDACD0C26}.Release|iPhoneSimulator.ActiveCfg = Release|x86
		{2B2C630C-917C-4C8D-A531-5FFCDACD0C26}.Release|iPhoneSimulator.Build.0 = Release|x86
		{2B2C630C-917C-4C8D-A531-5FFCDACD0C26}.Release|iPhoneSimulator.Deploy.0 = Release|x86
		{2B2C630C-917C-4C8D-A531-5FFCDACD0C26}.Release|x64.ActiveCfg = Release|x64
		{2B2C630C-917C-4C8D-A531-5FFCDACD0C26}.Release|x64.Build.0 = Release|x64
		{2B2C630C-917C-4C8D-A531-5FFCDACD0C26}.Release|x64.Deploy.0 = Release|x64
		{2B2C630C-917C-4C8D-A531-5FFCDACD0C26}.Release|x86.ActiveCfg = Release|x86
		{2B2C630C-917C-4C8D-A531-5FFCDACD0C26}.Release|x86.Build.0 = Release|x86
		{2B2C630C-917C-4C8D-A531-5FFCDACD0C26}.Release|x86.Deploy.0 = Release|x86
		{E065DBD6-23D3-4E42-8235-39E8348CCF28}.Debug|Any CPU.ActiveCfg = Debug|Any CPU
		{E065DBD6-23D3-4E42-8235-39E8348CCF28}.Debug|Any CPU.Build.0 = Debug|Any CPU
		{E065DBD6-23D3-4E42-8235-39E8348CCF28}.Debug|Any CPU.Deploy.0 = Debug|Any CPU
		{E065DBD6-23D3-4E42-8235-39E8348CCF28}.Debug|ARM.ActiveCfg = Debug|Any CPU
		{E065DBD6-23D3-4E42-8235-39E8348CCF28}.Debug|ARM.Build.0 = Debug|Any CPU
		{E065DBD6-23D3-4E42-8235-39E8348CCF28}.Debug|ARM.Deploy.0 = Debug|Any CPU
		{E065DBD6-23D3-4E42-8235-39E8348CCF28}.Debug|iPhone.ActiveCfg = Debug|Any CPU
		{E065DBD6-23D3-4E42-8235-39E8348CCF28}.Debug|iPhone.Build.0 = Debug|Any CPU
		{E065DBD6-23D3-4E42-8235-39E8348CCF28}.Debug|iPhone.Deploy.0 = Debug|Any CPU
		{E065DBD6-23D3-4E42-8235-39E8348CCF28}.Debug|iPhoneSimulator.ActiveCfg = Debug|Any CPU
		{E065DBD6-23D3-4E42-8235-39E8348CCF28}.Debug|iPhoneSimulator.Build.0 = Debug|Any CPU
		{E065DBD6-23D3-4E42-8235-39E8348CCF28}.Debug|iPhoneSimulator.Deploy.0 = Debug|Any CPU
		{E065DBD6-23D3-4E42-8235-39E8348CCF28}.Debug|x64.ActiveCfg = Debug|Any CPU
		{E065DBD6-23D3-4E42-8235-39E8348CCF28}.Debug|x64.Build.0 = Debug|Any CPU
		{E065DBD6-23D3-4E42-8235-39E8348CCF28}.Debug|x64.Deploy.0 = Debug|Any CPU
		{E065DBD6-23D3-4E42-8235-39E8348CCF28}.Debug|x86.ActiveCfg = Debug|Any CPU
		{E065DBD6-23D3-4E42-8235-39E8348CCF28}.Debug|x86.Build.0 = Debug|Any CPU
		{E065DBD6-23D3-4E42-8235-39E8348CCF28}.Debug|x86.Deploy.0 = Debug|Any CPU
		{E065DBD6-23D3-4E42-8235-39E8348CCF28}.Release|Any CPU.ActiveCfg = Release|Any CPU
		{E065DBD6-23D3-4E42-8235-39E8348CCF28}.Release|Any CPU.Build.0 = Release|Any CPU
		{E065DBD6-23D3-4E42-8235-39E8348CCF28}.Release|Any CPU.Deploy.0 = Release|Any CPU
		{E065DBD6-23D3-4E42-8235-39E8348CCF28}.Release|ARM.ActiveCfg = Release|Any CPU
		{E065DBD6-23D3-4E42-8235-39E8348CCF28}.Release|ARM.Build.0 = Release|Any CPU
		{E065DBD6-23D3-4E42-8235-39E8348CCF28}.Release|ARM.Deploy.0 = Release|Any CPU
		{E065DBD6-23D3-4E42-8235-39E8348CCF28}.Release|iPhone.ActiveCfg = Release|Any CPU
		{E065DBD6-23D3-4E42-8235-39E8348CCF28}.Release|iPhone.Build.0 = Release|Any CPU
		{E065DBD6-23D3-4E42-8235-39E8348CCF28}.Release|iPhone.Deploy.0 = Release|Any CPU
		{E065DBD6-23D3-4E42-8235-39E8348CCF28}.Release|iPhoneSimulator.ActiveCfg = Release|Any CPU
		{E065DBD6-23D3-4E42-8235-39E8348CCF28}.Release|iPhoneSimulator.Build.0 = Release|Any CPU
		{E065DBD6-23D3-4E42-8235-39E8348CCF28}.Release|iPhoneSimulator.Deploy.0 = Release|Any CPU
		{E065DBD6-23D3-4E42-8235-39E8348CCF28}.Release|x64.ActiveCfg = Release|Any CPU
		{E065DBD6-23D3-4E42-8235-39E8348CCF28}.Release|x64.Build.0 = Release|Any CPU
		{E065DBD6-23D3-4E42-8235-39E8348CCF28}.Release|x64.Deploy.0 = Release|Any CPU
		{E065DBD6-23D3-4E42-8235-39E8348CCF28}.Release|x86.ActiveCfg = Release|Any CPU
		{E065DBD6-23D3-4E42-8235-39E8348CCF28}.Release|x86.Build.0 = Release|Any CPU
		{E065DBD6-23D3-4E42-8235-39E8348CCF28}.Release|x86.Deploy.0 = Release|Any CPU
		{250C1CC0-9854-40AA-8850-0095545E37BB}.Debug|Any CPU.ActiveCfg = Debug|iPhone
		{250C1CC0-9854-40AA-8850-0095545E37BB}.Debug|Any CPU.Build.0 = Debug|iPhone
		{250C1CC0-9854-40AA-8850-0095545E37BB}.Debug|Any CPU.Deploy.0 = Debug|iPhone
		{250C1CC0-9854-40AA-8850-0095545E37BB}.Debug|ARM.ActiveCfg = Debug|iPhoneSimulator
		{250C1CC0-9854-40AA-8850-0095545E37BB}.Debug|ARM.Build.0 = Debug|iPhoneSimulator
		{250C1CC0-9854-40AA-8850-0095545E37BB}.Debug|ARM.Deploy.0 = Debug|iPhoneSimulator
		{250C1CC0-9854-40AA-8850-0095545E37BB}.Debug|iPhone.ActiveCfg = Debug|iPhone
		{250C1CC0-9854-40AA-8850-0095545E37BB}.Debug|iPhone.Build.0 = Debug|iPhone
		{250C1CC0-9854-40AA-8850-0095545E37BB}.Debug|iPhone.Deploy.0 = Debug|iPhone
		{250C1CC0-9854-40AA-8850-0095545E37BB}.Debug|iPhoneSimulator.ActiveCfg = Debug|iPhoneSimulator
		{250C1CC0-9854-40AA-8850-0095545E37BB}.Debug|iPhoneSimulator.Build.0 = Debug|iPhoneSimulator
		{250C1CC0-9854-40AA-8850-0095545E37BB}.Debug|iPhoneSimulator.Deploy.0 = Debug|iPhoneSimulator
		{250C1CC0-9854-40AA-8850-0095545E37BB}.Debug|x64.ActiveCfg = Debug|iPhone
		{250C1CC0-9854-40AA-8850-0095545E37BB}.Debug|x64.Build.0 = Debug|iPhone
		{250C1CC0-9854-40AA-8850-0095545E37BB}.Debug|x64.Deploy.0 = Debug|iPhone
		{250C1CC0-9854-40AA-8850-0095545E37BB}.Debug|x86.ActiveCfg = Debug|iPhone
		{250C1CC0-9854-40AA-8850-0095545E37BB}.Debug|x86.Build.0 = Debug|iPhone
		{250C1CC0-9854-40AA-8850-0095545E37BB}.Debug|x86.Deploy.0 = Debug|iPhone
		{250C1CC0-9854-40AA-8850-0095545E37BB}.Release|Any CPU.ActiveCfg = Release|iPhone
		{250C1CC0-9854-40AA-8850-0095545E37BB}.Release|Any CPU.Build.0 = Release|iPhone
		{250C1CC0-9854-40AA-8850-0095545E37BB}.Release|Any CPU.Deploy.0 = Release|iPhone
		{250C1CC0-9854-40AA-8850-0095545E37BB}.Release|ARM.ActiveCfg = Release|iPhone
		{250C1CC0-9854-40AA-8850-0095545E37BB}.Release|ARM.Build.0 = Release|iPhone
		{250C1CC0-9854-40AA-8850-0095545E37BB}.Release|ARM.Deploy.0 = Release|iPhone
		{250C1CC0-9854-40AA-8850-0095545E37BB}.Release|iPhone.ActiveCfg = Release|iPhone
		{250C1CC0-9854-40AA-8850-0095545E37BB}.Release|iPhone.Build.0 = Release|iPhone
		{250C1CC0-9854-40AA-8850-0095545E37BB}.Release|iPhone.Deploy.0 = Release|iPhone
		{250C1CC0-9854-40AA-8850-0095545E37BB}.Release|iPhoneSimulator.ActiveCfg = Release|iPhoneSimulator
		{250C1CC0-9854-40AA-8850-0095545E37BB}.Release|iPhoneSimulator.Build.0 = Release|iPhoneSimulator
		{250C1CC0-9854-40AA-8850-0095545E37BB}.Release|iPhoneSimulator.Deploy.0 = Release|iPhoneSimulator
		{250C1CC0-9854-40AA-8850-0095545E37BB}.Release|x64.ActiveCfg = Release|iPhone
		{250C1CC0-9854-40AA-8850-0095545E37BB}.Release|x64.Build.0 = Release|iPhone
		{250C1CC0-9854-40AA-8850-0095545E37BB}.Release|x64.Deploy.0 = Release|iPhone
		{250C1CC0-9854-40AA-8850-0095545E37BB}.Release|x86.ActiveCfg = Release|iPhone
		{250C1CC0-9854-40AA-8850-0095545E37BB}.Release|x86.Build.0 = Release|iPhone
		{250C1CC0-9854-40AA-8850-0095545E37BB}.Release|x86.Deploy.0 = Release|iPhone
		{F7502992-0084-4616-A19A-7EBEB6342D06}.Debug|Any CPU.ActiveCfg = Debug|Any CPU
		{F7502992-0084-4616-A19A-7EBEB6342D06}.Debug|Any CPU.Build.0 = Debug|Any CPU
		{F7502992-0084-4616-A19A-7EBEB6342D06}.Debug|Any CPU.Deploy.0 = Debug|Any CPU
		{F7502992-0084-4616-A19A-7EBEB6342D06}.Debug|ARM.ActiveCfg = Debug|Any CPU
		{F7502992-0084-4616-A19A-7EBEB6342D06}.Debug|ARM.Build.0 = Debug|Any CPU
		{F7502992-0084-4616-A19A-7EBEB6342D06}.Debug|ARM.Deploy.0 = Debug|Any CPU
		{F7502992-0084-4616-A19A-7EBEB6342D06}.Debug|iPhone.ActiveCfg = Debug|Any CPU
		{F7502992-0084-4616-A19A-7EBEB6342D06}.Debug|iPhone.Build.0 = Debug|Any CPU
		{F7502992-0084-4616-A19A-7EBEB6342D06}.Debug|iPhone.Deploy.0 = Debug|Any CPU
		{F7502992-0084-4616-A19A-7EBEB6342D06}.Debug|iPhoneSimulator.ActiveCfg = Debug|Any CPU
		{F7502992-0084-4616-A19A-7EBEB6342D06}.Debug|iPhoneSimulator.Build.0 = Debug|Any CPU
		{F7502992-0084-4616-A19A-7EBEB6342D06}.Debug|iPhoneSimulator.Deploy.0 = Debug|Any CPU
		{F7502992-0084-4616-A19A-7EBEB6342D06}.Debug|x64.ActiveCfg = Debug|Any CPU
		{F7502992-0084-4616-A19A-7EBEB6342D06}.Debug|x64.Build.0 = Debug|Any CPU
		{F7502992-0084-4616-A19A-7EBEB6342D06}.Debug|x64.Deploy.0 = Debug|Any CPU
		{F7502992-0084-4616-A19A-7EBEB6342D06}.Debug|x86.ActiveCfg = Debug|Any CPU
		{F7502992-0084-4616-A19A-7EBEB6342D06}.Debug|x86.Build.0 = Debug|Any CPU
		{F7502992-0084-4616-A19A-7EBEB6342D06}.Debug|x86.Deploy.0 = Debug|Any CPU
		{F7502992-0084-4616-A19A-7EBEB6342D06}.Release|Any CPU.ActiveCfg = Release|Any CPU
		{F7502992-0084-4616-A19A-7EBEB6342D06}.Release|Any CPU.Build.0 = Release|Any CPU
		{F7502992-0084-4616-A19A-7EBEB6342D06}.Release|Any CPU.Deploy.0 = Release|Any CPU
		{F7502992-0084-4616-A19A-7EBEB6342D06}.Release|ARM.ActiveCfg = Release|Any CPU
		{F7502992-0084-4616-A19A-7EBEB6342D06}.Release|ARM.Build.0 = Release|Any CPU
		{F7502992-0084-4616-A19A-7EBEB6342D06}.Release|ARM.Deploy.0 = Release|Any CPU
		{F7502992-0084-4616-A19A-7EBEB6342D06}.Release|iPhone.ActiveCfg = Release|Any CPU
		{F7502992-0084-4616-A19A-7EBEB6342D06}.Release|iPhone.Build.0 = Release|Any CPU
		{F7502992-0084-4616-A19A-7EBEB6342D06}.Release|iPhone.Deploy.0 = Release|Any CPU
		{F7502992-0084-4616-A19A-7EBEB6342D06}.Release|iPhoneSimulator.ActiveCfg = Release|Any CPU
		{F7502992-0084-4616-A19A-7EBEB6342D06}.Release|iPhoneSimulator.Build.0 = Release|Any CPU
		{F7502992-0084-4616-A19A-7EBEB6342D06}.Release|iPhoneSimulator.Deploy.0 = Release|Any CPU
		{F7502992-0084-4616-A19A-7EBEB6342D06}.Release|x64.ActiveCfg = Release|Any CPU
		{F7502992-0084-4616-A19A-7EBEB6342D06}.Release|x64.Build.0 = Release|Any CPU
		{F7502992-0084-4616-A19A-7EBEB6342D06}.Release|x64.Deploy.0 = Release|Any CPU
		{F7502992-0084-4616-A19A-7EBEB6342D06}.Release|x86.ActiveCfg = Release|Any CPU
		{F7502992-0084-4616-A19A-7EBEB6342D06}.Release|x86.Build.0 = Release|Any CPU
		{F7502992-0084-4616-A19A-7EBEB6342D06}.Release|x86.Deploy.0 = Release|Any CPU
		{3A36CFC1-2FAC-4BDF-B027-BFAD64D671FA}.Debug|Any CPU.ActiveCfg = Debug|Any CPU
		{3A36CFC1-2FAC-4BDF-B027-BFAD64D671FA}.Debug|Any CPU.Build.0 = Debug|Any CPU
		{3A36CFC1-2FAC-4BDF-B027-BFAD64D671FA}.Debug|ARM.ActiveCfg = Debug|Any CPU
		{3A36CFC1-2FAC-4BDF-B027-BFAD64D671FA}.Debug|ARM.Build.0 = Debug|Any CPU
		{3A36CFC1-2FAC-4BDF-B027-BFAD64D671FA}.Debug|iPhone.ActiveCfg = Debug|Any CPU
		{3A36CFC1-2FAC-4BDF-B027-BFAD64D671FA}.Debug|iPhone.Build.0 = Debug|Any CPU
		{3A36CFC1-2FAC-4BDF-B027-BFAD64D671FA}.Debug|iPhoneSimulator.ActiveCfg = Debug|Any CPU
		{3A36CFC1-2FAC-4BDF-B027-BFAD64D671FA}.Debug|iPhoneSimulator.Build.0 = Debug|Any CPU
		{3A36CFC1-2FAC-4BDF-B027-BFAD64D671FA}.Debug|x64.ActiveCfg = Debug|Any CPU
		{3A36CFC1-2FAC-4BDF-B027-BFAD64D671FA}.Debug|x64.Build.0 = Debug|Any CPU
		{3A36CFC1-2FAC-4BDF-B027-BFAD64D671FA}.Debug|x86.ActiveCfg = Debug|Any CPU
		{3A36CFC1-2FAC-4BDF-B027-BFAD64D671FA}.Debug|x86.Build.0 = Debug|Any CPU
		{3A36CFC1-2FAC-4BDF-B027-BFAD64D671FA}.Release|Any CPU.ActiveCfg = Release|Any CPU
		{3A36CFC1-2FAC-4BDF-B027-BFAD64D671FA}.Release|Any CPU.Build.0 = Release|Any CPU
		{3A36CFC1-2FAC-4BDF-B027-BFAD64D671FA}.Release|ARM.ActiveCfg = Release|Any CPU
		{3A36CFC1-2FAC-4BDF-B027-BFAD64D671FA}.Release|ARM.Build.0 = Release|Any CPU
		{3A36CFC1-2FAC-4BDF-B027-BFAD64D671FA}.Release|iPhone.ActiveCfg = Release|Any CPU
		{3A36CFC1-2FAC-4BDF-B027-BFAD64D671FA}.Release|iPhone.Build.0 = Release|Any CPU
		{3A36CFC1-2FAC-4BDF-B027-BFAD64D671FA}.Release|iPhoneSimulator.ActiveCfg = Release|Any CPU
		{3A36CFC1-2FAC-4BDF-B027-BFAD64D671FA}.Release|iPhoneSimulator.Build.0 = Release|Any CPU
		{3A36CFC1-2FAC-4BDF-B027-BFAD64D671FA}.Release|x64.ActiveCfg = Release|Any CPU
		{3A36CFC1-2FAC-4BDF-B027-BFAD64D671FA}.Release|x64.Build.0 = Release|Any CPU
		{3A36CFC1-2FAC-4BDF-B027-BFAD64D671FA}.Release|x86.ActiveCfg = Release|Any CPU
		{3A36CFC1-2FAC-4BDF-B027-BFAD64D671FA}.Release|x86.Build.0 = Release|Any CPU
		{072C6123-4C47-4EAB-95D3-5493070D0699}.Debug|Any CPU.ActiveCfg = Debug|Any CPU
		{072C6123-4C47-4EAB-95D3-5493070D0699}.Debug|Any CPU.Build.0 = Debug|Any CPU
		{072C6123-4C47-4EAB-95D3-5493070D0699}.Debug|ARM.ActiveCfg = Debug|Any CPU
		{072C6123-4C47-4EAB-95D3-5493070D0699}.Debug|ARM.Build.0 = Debug|Any CPU
		{072C6123-4C47-4EAB-95D3-5493070D0699}.Debug|iPhone.ActiveCfg = Debug|Any CPU
		{072C6123-4C47-4EAB-95D3-5493070D0699}.Debug|iPhone.Build.0 = Debug|Any CPU
		{072C6123-4C47-4EAB-95D3-5493070D0699}.Debug|iPhoneSimulator.ActiveCfg = Debug|Any CPU
		{072C6123-4C47-4EAB-95D3-5493070D0699}.Debug|iPhoneSimulator.Build.0 = Debug|Any CPU
		{072C6123-4C47-4EAB-95D3-5493070D0699}.Debug|x64.ActiveCfg = Debug|Any CPU
		{072C6123-4C47-4EAB-95D3-5493070D0699}.Debug|x64.Build.0 = Debug|Any CPU
		{072C6123-4C47-4EAB-95D3-5493070D0699}.Debug|x86.ActiveCfg = Debug|Any CPU
		{072C6123-4C47-4EAB-95D3-5493070D0699}.Debug|x86.Build.0 = Debug|Any CPU
		{072C6123-4C47-4EAB-95D3-5493070D0699}.Release|Any CPU.ActiveCfg = Release|Any CPU
		{072C6123-4C47-4EAB-95D3-5493070D0699}.Release|Any CPU.Build.0 = Release|Any CPU
		{072C6123-4C47-4EAB-95D3-5493070D0699}.Release|ARM.ActiveCfg = Release|Any CPU
		{072C6123-4C47-4EAB-95D3-5493070D0699}.Release|ARM.Build.0 = Release|Any CPU
		{072C6123-4C47-4EAB-95D3-5493070D0699}.Release|iPhone.ActiveCfg = Release|Any CPU
		{072C6123-4C47-4EAB-95D3-5493070D0699}.Release|iPhone.Build.0 = Release|Any CPU
		{072C6123-4C47-4EAB-95D3-5493070D0699}.Release|iPhoneSimulator.ActiveCfg = Release|Any CPU
		{072C6123-4C47-4EAB-95D3-5493070D0699}.Release|iPhoneSimulator.Build.0 = Release|Any CPU
		{072C6123-4C47-4EAB-95D3-5493070D0699}.Release|x64.ActiveCfg = Release|Any CPU
		{072C6123-4C47-4EAB-95D3-5493070D0699}.Release|x64.Build.0 = Release|Any CPU
		{072C6123-4C47-4EAB-95D3-5493070D0699}.Release|x86.ActiveCfg = Release|Any CPU
		{072C6123-4C47-4EAB-95D3-5493070D0699}.Release|x86.Build.0 = Release|Any CPU
		{D11B458B-6688-48D6-B814-743DEB9F20DA}.Debug|Any CPU.ActiveCfg = Debug|Any CPU
		{D11B458B-6688-48D6-B814-743DEB9F20DA}.Debug|Any CPU.Build.0 = Debug|Any CPU
		{D11B458B-6688-48D6-B814-743DEB9F20DA}.Debug|ARM.ActiveCfg = Debug|Any CPU
		{D11B458B-6688-48D6-B814-743DEB9F20DA}.Debug|ARM.Build.0 = Debug|Any CPU
		{D11B458B-6688-48D6-B814-743DEB9F20DA}.Debug|iPhone.ActiveCfg = Debug|Any CPU
		{D11B458B-6688-48D6-B814-743DEB9F20DA}.Debug|iPhone.Build.0 = Debug|Any CPU
		{D11B458B-6688-48D6-B814-743DEB9F20DA}.Debug|iPhoneSimulator.ActiveCfg = Debug|Any CPU
		{D11B458B-6688-48D6-B814-743DEB9F20DA}.Debug|iPhoneSimulator.Build.0 = Debug|Any CPU
		{D11B458B-6688-48D6-B814-743DEB9F20DA}.Debug|x64.ActiveCfg = Debug|Any CPU
		{D11B458B-6688-48D6-B814-743DEB9F20DA}.Debug|x64.Build.0 = Debug|Any CPU
		{D11B458B-6688-48D6-B814-743DEB9F20DA}.Debug|x86.ActiveCfg = Debug|Any CPU
		{D11B458B-6688-48D6-B814-743DEB9F20DA}.Debug|x86.Build.0 = Debug|Any CPU
		{D11B458B-6688-48D6-B814-743DEB9F20DA}.Release|Any CPU.ActiveCfg = Release|Any CPU
		{D11B458B-6688-48D6-B814-743DEB9F20DA}.Release|Any CPU.Build.0 = Release|Any CPU
		{D11B458B-6688-48D6-B814-743DEB9F20DA}.Release|ARM.ActiveCfg = Release|Any CPU
		{D11B458B-6688-48D6-B814-743DEB9F20DA}.Release|ARM.Build.0 = Release|Any CPU
		{D11B458B-6688-48D6-B814-743DEB9F20DA}.Release|iPhone.ActiveCfg = Release|Any CPU
		{D11B458B-6688-48D6-B814-743DEB9F20DA}.Release|iPhone.Build.0 = Release|Any CPU
		{D11B458B-6688-48D6-B814-743DEB9F20DA}.Release|iPhoneSimulator.ActiveCfg = Release|Any CPU
		{D11B458B-6688-48D6-B814-743DEB9F20DA}.Release|iPhoneSimulator.Build.0 = Release|Any CPU
		{D11B458B-6688-48D6-B814-743DEB9F20DA}.Release|x64.ActiveCfg = Release|Any CPU
		{D11B458B-6688-48D6-B814-743DEB9F20DA}.Release|x64.Build.0 = Release|Any CPU
		{D11B458B-6688-48D6-B814-743DEB9F20DA}.Release|x86.ActiveCfg = Release|Any CPU
		{D11B458B-6688-48D6-B814-743DEB9F20DA}.Release|x86.Build.0 = Release|Any CPU
		{DB88369E-2661-4597-9607-519C489CAD44}.Debug|Any CPU.ActiveCfg = Debug|Any CPU
		{DB88369E-2661-4597-9607-519C489CAD44}.Debug|Any CPU.Build.0 = Debug|Any CPU
		{DB88369E-2661-4597-9607-519C489CAD44}.Debug|ARM.ActiveCfg = Debug|Any CPU
		{DB88369E-2661-4597-9607-519C489CAD44}.Debug|ARM.Build.0 = Debug|Any CPU
		{DB88369E-2661-4597-9607-519C489CAD44}.Debug|iPhone.ActiveCfg = Debug|Any CPU
		{DB88369E-2661-4597-9607-519C489CAD44}.Debug|iPhone.Build.0 = Debug|Any CPU
		{DB88369E-2661-4597-9607-519C489CAD44}.Debug|iPhoneSimulator.ActiveCfg = Debug|Any CPU
		{DB88369E-2661-4597-9607-519C489CAD44}.Debug|iPhoneSimulator.Build.0 = Debug|Any CPU
		{DB88369E-2661-4597-9607-519C489CAD44}.Debug|x64.ActiveCfg = Debug|Any CPU
		{DB88369E-2661-4597-9607-519C489CAD44}.Debug|x64.Build.0 = Debug|Any CPU
		{DB88369E-2661-4597-9607-519C489CAD44}.Debug|x86.ActiveCfg = Debug|Any CPU
		{DB88369E-2661-4597-9607-519C489CAD44}.Debug|x86.Build.0 = Debug|Any CPU
		{DB88369E-2661-4597-9607-519C489CAD44}.Release|Any CPU.ActiveCfg = Release|Any CPU
		{DB88369E-2661-4597-9607-519C489CAD44}.Release|Any CPU.Build.0 = Release|Any CPU
		{DB88369E-2661-4597-9607-519C489CAD44}.Release|ARM.ActiveCfg = Release|Any CPU
		{DB88369E-2661-4597-9607-519C489CAD44}.Release|ARM.Build.0 = Release|Any CPU
		{DB88369E-2661-4597-9607-519C489CAD44}.Release|iPhone.ActiveCfg = Release|Any CPU
		{DB88369E-2661-4597-9607-519C489CAD44}.Release|iPhone.Build.0 = Release|Any CPU
		{DB88369E-2661-4597-9607-519C489CAD44}.Release|iPhoneSimulator.ActiveCfg = Release|Any CPU
		{DB88369E-2661-4597-9607-519C489CAD44}.Release|iPhoneSimulator.Build.0 = Release|Any CPU
		{DB88369E-2661-4597-9607-519C489CAD44}.Release|x64.ActiveCfg = Release|Any CPU
		{DB88369E-2661-4597-9607-519C489CAD44}.Release|x64.Build.0 = Release|Any CPU
		{DB88369E-2661-4597-9607-519C489CAD44}.Release|x86.ActiveCfg = Release|Any CPU
		{DB88369E-2661-4597-9607-519C489CAD44}.Release|x86.Build.0 = Release|Any CPU
	EndGlobalSection
	GlobalSection(SolutionProperties) = preSolution
		HideSolutionNode = FALSE
	EndGlobalSection
	GlobalSection(ExtensibilityGlobals) = postSolution
		SolutionGuid = {14F92783-80EA-413B-B690-63EF3EBD7A1E}
	EndGlobalSection
EndGlobal
